
Microsoft Visual Studio Solution File, Format Version 10.00
# Visual Studio 2008
Project("{FAE04EC0-301F-11D3-BF4B-00C04F79EFBC}") = "VhaBot", "VhaBot\VhaBot.csproj", "{5C9E175F-8AEB-4CF4-B6DC-98CA112172E0}"
EndProject
Project("{FAE04EC0-301F-11D3-BF4B-00C04F79EFBC}") = "AoLib", "AoLib\AoLib.csproj", "{D1F26DA9-8B99-4663-923B-2C4209B4F625}"
EndProject
Project("{FAE04EC0-301F-11D3-BF4B-00C04F79EFBC}") = "VhaBot.Test", "VhaBot.Test\VhaBot.Test.csproj", "{B1877893-BFA2-426A-A930-75C46C99A151}"
	ProjectSection(ProjectDependencies) = postProject
		{D9A80B1F-4ED9-44B9-9FB9-3E972A85D960} = {D9A80B1F-4ED9-44B9-9FB9-3E972A85D960}
		{520E362B-3C8B-4F0F-993D-73327FF54398} = {520E362B-3C8B-4F0F-993D-73327FF54398}
		{2E135C5D-4D4E-41C5-BCF6-A6C5571854DF} = {2E135C5D-4D4E-41C5-BCF6-A6C5571854DF}
		{95E2FC67-F6F4-4DDD-8C8D-18A337EEC537} = {95E2FC67-F6F4-4DDD-8C8D-18A337EEC537}
		{5F7CFB87-FD21-44F8-8CC2-73ED229BEDC3} = {5F7CFB87-FD21-44F8-8CC2-73ED229BEDC3}
		{62A32798-E194-4A5F-8338-63B71A3D9D0A} = {62A32798-E194-4A5F-8338-63B71A3D9D0A}
		{D1F26DA9-8B99-4663-923B-2C4209B4F625} = {D1F26DA9-8B99-4663-923B-2C4209B4F625}
		{4261E5AB-29E9-4129-8120-4D7F39B34B61} = {4261E5AB-29E9-4129-8120-4D7F39B34B61}
		{F3D58CAC-16EF-4117-A67D-E4828DB3613B} = {F3D58CAC-16EF-4117-A67D-E4828DB3613B}
		{730F7BC4-2FB4-4373-8051-62F08E0A54E6} = {730F7BC4-2FB4-4373-8051-62F08E0A54E6}
		{A667B4CB-9FA0-4CE0-B127-A220168C82C0} = {A667B4CB-9FA0-4CE0-B127-A220168C82C0}
	EndProjectSection
EndProject
Project("{FAE04EC0-301F-11D3-BF4B-00C04F79EFBC}") = "VhaBot.Communication", "VhaBot.Communication\VhaBot.Communication.csproj", "{4261E5AB-29E9-4129-8120-4D7F39B34B61}"
EndProject
Project("{FAE04EC0-301F-11D3-BF4B-00C04F79EFBC}") = "VhaBot.Configuration", "VhaBot.Configuration\VhaBot.Configuration.csproj", "{5F7CFB87-FD21-44F8-8CC2-73ED229BEDC3}"
EndProject
Project("{FAE04EC0-301F-11D3-BF4B-00C04F79EFBC}") = "VhaBot.Core", "VhaBot.Core\VhaBot.Core.csproj", "{730F7BC4-2FB4-4373-8051-62F08E0A54E6}"
EndProject
Project("{FAE04EC0-301F-11D3-BF4B-00C04F79EFBC}") = "VhaBot.Shell", "VhaBot.Shell\VhaBot.Shell.csproj", "{081A5E85-5A90-415B-88EA-9EA5C296CF08}"
EndProject
Project("{FAE04EC0-301F-11D3-BF4B-00C04F79EFBC}") = "VhaBot.API", "VhaBot.API\VhaBot.API.csproj", "{95E2FC67-F6F4-4DDD-8C8D-18A337EEC537}"
EndProject
Project("{FAE04EC0-301F-11D3-BF4B-00C04F79EFBC}") = "VhaBot.CorePlugins", "VhaBot.CorePlugins\VhaBot.CorePlugins.csproj", "{078F5EDB-EA7C-4CCA-95E9-07B984732DA0}"
EndProject
Project("{FAE04EC0-301F-11D3-BF4B-00C04F79EFBC}") = "VhaBot.ConfigurationTool", "VhaBot.ConfigurationTool\VhaBot.ConfigurationTool.csproj", "{520E362B-3C8B-4F0F-993D-73327FF54398}"
EndProject
Project("{FAE04EC0-301F-11D3-BF4B-00C04F79EFBC}") = "VhaBot.Lite", "VhaBot.Lite\VhaBot.Lite.csproj", "{761628C7-B9A1-434C-9924-58757617FD95}"
EndProject
Project("{FAE04EC0-301F-11D3-BF4B-00C04F79EFBC}") = "Plugins.Default", "Plugins.Default\Plugins.Default.csproj", "{2E135C5D-4D4E-41C5-BCF6-A6C5571854DF}"
	ProjectSection(ProjectDependencies) = postProject
		{95E2FC67-F6F4-4DDD-8C8D-18A337EEC537} = {95E2FC67-F6F4-4DDD-8C8D-18A337EEC537}
		{D1F26DA9-8B99-4663-923B-2C4209B4F625} = {D1F26DA9-8B99-4663-923B-2C4209B4F625}
	EndProjectSection
EndProject
Project("{FAE04EC0-301F-11D3-BF4B-00C04F79EFBC}") = "Plugins.Raid", "Plugins.Raid\Plugins.Raid.csproj", "{62A32798-E194-4A5F-8338-63B71A3D9D0A}"
	ProjectSection(ProjectDependencies) = postProject
		{95E2FC67-F6F4-4DDD-8C8D-18A337EEC537} = {95E2FC67-F6F4-4DDD-8C8D-18A337EEC537}
		{D1F26DA9-8B99-4663-923B-2C4209B4F625} = {D1F26DA9-8B99-4663-923B-2C4209B4F625}
		{4261E5AB-29E9-4129-8120-4D7F39B34B61} = {4261E5AB-29E9-4129-8120-4D7F39B34B61}
	EndProjectSection
EndProject
Project("{FAE04EC0-301F-11D3-BF4B-00C04F79EFBC}") = "Plugins.Helpbot", "Plugins.Helpbot\Plugins.Helpbot.csproj", "{F3D58CAC-16EF-4117-A67D-E4828DB3613B}"
	ProjectSection(ProjectDependencies) = postProject
		{95E2FC67-F6F4-4DDD-8C8D-18A337EEC537} = {95E2FC67-F6F4-4DDD-8C8D-18A337EEC537}
		{D1F26DA9-8B99-4663-923B-2C4209B4F625} = {D1F26DA9-8B99-4663-923B-2C4209B4F625}
		{4261E5AB-29E9-4129-8120-4D7F39B34B61} = {4261E5AB-29E9-4129-8120-4D7F39B34B61}
	EndProjectSection
EndProject
Project("{FAE04EC0-301F-11D3-BF4B-00C04F79EFBC}") = "Plugins.Vhanet", "Plugins.Vhanet\Plugins.Vhanet.csproj", "{D9A80B1F-4ED9-44B9-9FB9-3E972A85D960}"
EndProject
Project("{FAE04EC0-301F-11D3-BF4B-00C04F79EFBC}") = "Plugins.Incubator", "Plugins.Incubator\Plugins.Incubator.csproj", "{A667B4CB-9FA0-4CE0-B127-A220168C82C0}"
	ProjectSection(ProjectDependencies) = postProject
		{95E2FC67-F6F4-4DDD-8C8D-18A337EEC537} = {95E2FC67-F6F4-4DDD-8C8D-18A337EEC537}
		{D1F26DA9-8B99-4663-923B-2C4209B4F625} = {D1F26DA9-8B99-4663-923B-2C4209B4F625}
		{4261E5AB-29E9-4129-8120-4D7F39B34B61} = {4261E5AB-29E9-4129-8120-4D7F39B34B61}
	EndProjectSection
EndProject
Global
	GlobalSection(SolutionConfigurationPlatforms) = preSolution
		Debug|x86 = Debug|x86
		Helpbot|x86 = Helpbot|x86
		Incubator|x86 = Incubator|x86
		Release|x86 = Release|x86
		Vhanet|x86 = Vhanet|x86
	EndGlobalSection
	GlobalSection(ProjectConfigurationPlatforms) = postSolution
		{5C9E175F-8AEB-4CF4-B6DC-98CA112172E0}.Debug|x86.ActiveCfg = Debug|x86
		{5C9E175F-8AEB-4CF4-B6DC-98CA112172E0}.Debug|x86.Build.0 = Debug|x86
		{5C9E175F-8AEB-4CF4-B6DC-98CA112172E0}.Helpbot|x86.ActiveCfg = Debug|x86
		{5C9E175F-8AEB-4CF4-B6DC-98CA112172E0}.Helpbot|x86.Build.0 = Debug|x86
		{5C9E175F-8AEB-4CF4-B6DC-98CA112172E0}.Incubator|x86.ActiveCfg = Debug|x86
		{5C9E175F-8AEB-4CF4-B6DC-98CA112172E0}.Incubator|x86.Build.0 = Debug|x86
		{5C9E175F-8AEB-4CF4-B6DC-98CA112172E0}.Release|x86.ActiveCfg = Release|x86
		{5C9E175F-8AEB-4CF4-B6DC-98CA112172E0}.Release|x86.Build.0 = Release|x86
		{5C9E175F-8AEB-4CF4-B6DC-98CA112172E0}.Vhanet|x86.ActiveCfg = Debug|x86
		{5C9E175F-8AEB-4CF4-B6DC-98CA112172E0}.Vhanet|x86.Build.0 = Debug|x86
		{D1F26DA9-8B99-4663-923B-2C4209B4F625}.Debug|x86.ActiveCfg = Debug|x86
		{D1F26DA9-8B99-4663-923B-2C4209B4F625}.Helpbot|x86.ActiveCfg = Debug|x86
		{D1F26DA9-8B99-4663-923B-2C4209B4F625}.Helpbot|x86.Build.0 = Debug|x86
		{D1F26DA9-8B99-4663-923B-2C4209B4F625}.Incubator|x86.ActiveCfg = Debug|x86
		{D1F26DA9-8B99-4663-923B-2C4209B4F625}.Incubator|x86.Build.0 = Debug|x86
		{D1F26DA9-8B99-4663-923B-2C4209B4F625}.Release|x86.ActiveCfg = Release|x86
		{D1F26DA9-8B99-4663-923B-2C4209B4F625}.Release|x86.Build.0 = Release|x86
		{D1F26DA9-8B99-4663-923B-2C4209B4F625}.Vhanet|x86.ActiveCfg = Debug|x86
		{D1F26DA9-8B99-4663-923B-2C4209B4F625}.Vhanet|x86.Build.0 = Debug|x86
		{B1877893-BFA2-426A-A930-75C46C99A151}.Debug|x86.ActiveCfg = Debug|x86
		{B1877893-BFA2-426A-A930-75C46C99A151}.Debug|x86.Build.0 = Debug|x86
		{B1877893-BFA2-426A-A930-75C46C99A151}.Helpbot|x86.ActiveCfg = Helpbot|x86
		{B1877893-BFA2-426A-A930-75C46C99A151}.Helpbot|x86.Build.0 = Helpbot|x86
		{B1877893-BFA2-426A-A930-75C46C99A151}.Incubator|x86.ActiveCfg = Incubator|x86
		{B1877893-BFA2-426A-A930-75C46C99A151}.Incubator|x86.Build.0 = Incubator|x86
		{B1877893-BFA2-426A-A930-75C46C99A151}.Release|x86.ActiveCfg = Release|x86
		{B1877893-BFA2-426A-A930-75C46C99A151}.Vhanet|x86.ActiveCfg = Vhanet|x86
		{B1877893-BFA2-426A-A930-75C46C99A151}.Vhanet|x86.Build.0 = Vhanet|x86
		{4261E5AB-29E9-4129-8120-4D7F39B34B61}.Debug|x86.ActiveCfg = Debug|x86
		{4261E5AB-29E9-4129-8120-4D7F39B34B61}.Debug|x86.Build.0 = Debug|x86
		{4261E5AB-29E9-4129-8120-4D7F39B34B61}.Helpbot|x86.ActiveCfg = Debug|x86
		{4261E5AB-29E9-4129-8120-4D7F39B34B61}.Helpbot|x86.Build.0 = Debug|x86
		{4261E5AB-29E9-4129-8120-4D7F39B34B61}.Incubator|x86.ActiveCfg = Debug|x86
		{4261E5AB-29E9-4129-8120-4D7F39B34B61}.Incubator|x86.Build.0 = Debug|x86
		{4261E5AB-29E9-4129-8120-4D7F39B34B61}.Release|x86.ActiveCfg = Release|x86
		{4261E5AB-29E9-4129-8120-4D7F39B34B61}.Release|x86.Build.0 = Release|x86
		{4261E5AB-29E9-4129-8120-4D7F39B34B61}.Vhanet|x86.ActiveCfg = Debug|x86
		{4261E5AB-29E9-4129-8120-4D7F39B34B61}.Vhanet|x86.Build.0 = Debug|x86
		{5F7CFB87-FD21-44F8-8CC2-73ED229BEDC3}.Debug|x86.ActiveCfg = Debug|x86
		{5F7CFB87-FD21-44F8-8CC2-73ED229BEDC3}.Debug|x86.Build.0 = Debug|x86
		{5F7CFB87-FD21-44F8-8CC2-73ED229BEDC3}.Helpbot|x86.ActiveCfg = Debug|x86
		{5F7CFB87-FD21-44F8-8CC2-73ED229BEDC3}.Helpbot|x86.Build.0 = Debug|x86
		{5F7CFB87-FD21-44F8-8CC2-73ED229BEDC3}.Incubator|x86.ActiveCfg = Debug|x86
		{5F7CFB87-FD21-44F8-8CC2-73ED229BEDC3}.Incubator|x86.Build.0 = Debug|x86
		{5F7CFB87-FD21-44F8-8CC2-73ED229BEDC3}.Release|x86.ActiveCfg = Release|x86
		{5F7CFB87-FD21-44F8-8CC2-73ED229BEDC3}.Release|x86.Build.0 = Release|x86
		{5F7CFB87-FD21-44F8-8CC2-73ED229BEDC3}.Vhanet|x86.ActiveCfg = Debug|x86
		{5F7CFB87-FD21-44F8-8CC2-73ED229BEDC3}.Vhanet|x86.Build.0 = Debug|x86
		{730F7BC4-2FB4-4373-8051-62F08E0A54E6}.Debug|x86.ActiveCfg = Debug|x86
		{730F7BC4-2FB4-4373-8051-62F08E0A54E6}.Debug|x86.Build.0 = Debug|x86
		{730F7BC4-2FB4-4373-8051-62F08E0A54E6}.Helpbot|x86.ActiveCfg = Debug|x86
		{730F7BC4-2FB4-4373-8051-62F08E0A54E6}.Helpbot|x86.Build.0 = Debug|x86
		{730F7BC4-2FB4-4373-8051-62F08E0A54E6}.Incubator|x86.ActiveCfg = Debug|x86
		{730F7BC4-2FB4-4373-8051-62F08E0A54E6}.Incubator|x86.Build.0 = Debug|x86
		{730F7BC4-2FB4-4373-8051-62F08E0A54E6}.Release|x86.ActiveCfg = Release|x86
		{730F7BC4-2FB4-4373-8051-62F08E0A54E6}.Release|x86.Build.0 = Release|x86
		{730F7BC4-2FB4-4373-8051-62F08E0A54E6}.Vhanet|x86.ActiveCfg = Debug|x86
		{730F7BC4-2FB4-4373-8051-62F08E0A54E6}.Vhanet|x86.Build.0 = Debug|x86
		{081A5E85-5A90-415B-88EA-9EA5C296CF08}.Debug|x86.ActiveCfg = Debug|x86
		{081A5E85-5A90-415B-88EA-9EA5C296CF08}.Debug|x86.Build.0 = Debug|x86
		{081A5E85-5A90-415B-88EA-9EA5C296CF08}.Helpbot|x86.ActiveCfg = Debug|x86
		{081A5E85-5A90-415B-88EA-9EA5C296CF08}.Helpbot|x86.Build.0 = Debug|x86
		{081A5E85-5A90-415B-88EA-9EA5C296CF08}.Incubator|x86.ActiveCfg = Debug|x86
		{081A5E85-5A90-415B-88EA-9EA5C296CF08}.Incubator|x86.Build.0 = Debug|x86
		{081A5E85-5A90-415B-88EA-9EA5C296CF08}.Release|x86.ActiveCfg = Release|x86
		{081A5E85-5A90-415B-88EA-9EA5C296CF08}.Release|x86.Build.0 = Release|x86
		{081A5E85-5A90-415B-88EA-9EA5C296CF08}.Vhanet|x86.ActiveCfg = Debug|x86
		{081A5E85-5A90-415B-88EA-9EA5C296CF08}.Vhanet|x86.Build.0 = Debug|x86
		{95E2FC67-F6F4-4DDD-8C8D-18A337EEC537}.Debug|x86.ActiveCfg = Debug|x86
		{95E2FC67-F6F4-4DDD-8C8D-18A337EEC537}.Debug|x86.Build.0 = Debug|x86
		{95E2FC67-F6F4-4DDD-8C8D-18A337EEC537}.Helpbot|x86.ActiveCfg = Debug|x86
		{95E2FC67-F6F4-4DDD-8C8D-18A337EEC537}.Helpbot|x86.Build.0 = Debug|x86
		{95E2FC67-F6F4-4DDD-8C8D-18A337EEC537}.Incubator|x86.ActiveCfg = Debug|x86
		{95E2FC67-F6F4-4DDD-8C8D-18A337EEC537}.Incubator|x86.Build.0 = Debug|x86
		{95E2FC67-F6F4-4DDD-8C8D-18A337EEC537}.Release|x86.ActiveCfg = Release|x86
		{95E2FC67-F6F4-4DDD-8C8D-18A337EEC537}.Release|x86.Build.0 = Release|x86
		{95E2FC67-F6F4-4DDD-8C8D-18A337EEC537}.Vhanet|x86.ActiveCfg = Debug|x86
		{95E2FC67-F6F4-4DDD-8C8D-18A337EEC537}.Vhanet|x86.Build.0 = Debug|x86
		{078F5EDB-EA7C-4CCA-95E9-07B984732DA0}.Debug|x86.ActiveCfg = Debug|x86
		{078F5EDB-EA7C-4CCA-95E9-07B984732DA0}.Debug|x86.Build.0 = Debug|x86
		{078F5EDB-EA7C-4CCA-95E9-07B984732DA0}.Helpbot|x86.ActiveCfg = Debug|x86
		{078F5EDB-EA7C-4CCA-95E9-07B984732DA0}.Helpbot|x86.Build.0 = Debug|x86
		{078F5EDB-EA7C-4CCA-95E9-07B984732DA0}.Incubator|x86.ActiveCfg = Debug|x86
		{078F5EDB-EA7C-4CCA-95E9-07B984732DA0}.Incubator|x86.Build.0 = Debug|x86
		{078F5EDB-EA7C-4CCA-95E9-07B984732DA0}.Release|x86.ActiveCfg = Release|x86
		{078F5EDB-EA7C-4CCA-95E9-07B984732DA0}.Release|x86.Build.0 = Release|x86
		{078F5EDB-EA7C-4CCA-95E9-07B984732DA0}.Vhanet|x86.ActiveCfg = Debug|x86
		{078F5EDB-EA7C-4CCA-95E9-07B984732DA0}.Vhanet|x86.Build.0 = Debug|x86
		{520E362B-3C8B-4F0F-993D-73327FF54398}.Debug|x86.ActiveCfg = Debug|x86
		{520E362B-3C8B-4F0F-993D-73327FF54398}.Debug|x86.Build.0 = Debug|x86
		{520E362B-3C8B-4F0F-993D-73327FF54398}.Helpbot|x86.ActiveCfg = Debug|x86
		{520E362B-3C8B-4F0F-993D-73327FF54398}.Helpbot|x86.Build.0 = Debug|x86
		{520E362B-3C8B-4F0F-993D-73327FF54398}.Incubator|x86.ActiveCfg = Debug|x86
		{520E362B-3C8B-4F0F-993D-73327FF54398}.Incubator|x86.Build.0 = Debug|x86
		{520E362B-3C8B-4F0F-993D-73327FF54398}.Release|x86.ActiveCfg = Release|x86
		{520E362B-3C8B-4F0F-993D-73327FF54398}.Release|x86.Build.0 = Release|x86
		{520E362B-3C8B-4F0F-993D-73327FF54398}.Vhanet|x86.ActiveCfg = Debug|x86
		{520E362B-3C8B-4F0F-993D-73327FF54398}.Vhanet|x86.Build.0 = Debug|x86
		{761628C7-B9A1-434C-9924-58757617FD95}.Debug|x86.ActiveCfg = Debug|x86
		{761628C7-B9A1-434C-9924-58757617FD95}.Debug|x86.Build.0 = Debug|x86
		{761628C7-B9A1-434C-9924-58757617FD95}.Helpbot|x86.ActiveCfg = Debug|x86
		{761628C7-B9A1-434C-9924-58757617FD95}.Helpbot|x86.Build.0 = Debug|x86
		{761628C7-B9A1-434C-9924-58757617FD95}.Incubator|x86.ActiveCfg = Debug|x86
		{761628C7-B9A1-434C-9924-58757617FD95}.Incubator|x86.Build.0 = Debug|x86
		{761628C7-B9A1-434C-9924-58757617FD95}.Release|x86.ActiveCfg = Release|x86
		{761628C7-B9A1-434C-9924-58757617FD95}.Release|x86.Build.0 = Release|x86
		{761628C7-B9A1-434C-9924-58757617FD95}.Vhanet|x86.ActiveCfg = Debug|x86
		{761628C7-B9A1-434C-9924-58757617FD95}.Vhanet|x86.Build.0 = Debug|x86
		{2E135C5D-4D4E-41C5-BCF6-A6C5571854DF}.Debug|x86.ActiveCfg = Debug|x86
		{2E135C5D-4D4E-41C5-BCF6-A6C5571854DF}.Debug|x86.Build.0 = Debug|x86
		{2E135C5D-4D4E-41C5-BCF6-A6C5571854DF}.Helpbot|x86.ActiveCfg = Debug|x86
		{2E135C5D-4D4E-41C5-BCF6-A6C5571854DF}.Helpbot|x86.Build.0 = Debug|x86
		{2E135C5D-4D4E-41C5-BCF6-A6C5571854DF}.Incubator|x86.ActiveCfg = Debug|x86
		{2E135C5D-4D4E-41C5-BCF6-A6C5571854DF}.Incubator|x86.Build.0 = Debug|x86
		{2E135C5D-4D4E-41C5-BCF6-A6C5571854DF}.Release|x86.ActiveCfg = Release|x86
		{2E135C5D-4D4E-41C5-BCF6-A6C5571854DF}.Release|x86.Build.0 = Release|x86
		{2E135C5D-4D4E-41C5-BCF6-A6C5571854DF}.Vhanet|x86.ActiveCfg = Debug|x86
		{2E135C5D-4D4E-41C5-BCF6-A6C5571854DF}.Vhanet|x86.Build.0 = Debug|x86
		{62A32798-E194-4A5F-8338-63B71A3D9D0A}.Debug|x86.ActiveCfg = Debug|x86
		{62A32798-E194-4A5F-8338-63B71A3D9D0A}.Debug|x86.Build.0 = Debug|x86
		{62A32798-E194-4A5F-8338-63B71A3D9D0A}.Helpbot|x86.ActiveCfg = Debug|x86
		{62A32798-E194-4A5F-8338-63B71A3D9D0A}.Helpbot|x86.Build.0 = Debug|x86
		{62A32798-E194-4A5F-8338-63B71A3D9D0A}.Incubator|x86.ActiveCfg = Debug|x86
		{62A32798-E194-4A5F-8338-63B71A3D9D0A}.Incubator|x86.Build.0 = Debug|x86
		{62A32798-E194-4A5F-8338-63B71A3D9D0A}.Release|x86.ActiveCfg = Release|x86
		{62A32798-E194-4A5F-8338-63B71A3D9D0A}.Release|x86.Build.0 = Release|x86
		{62A32798-E194-4A5F-8338-63B71A3D9D0A}.Vhanet|x86.ActiveCfg = Debug|x86
		{62A32798-E194-4A5F-8338-63B71A3D9D0A}.Vhanet|x86.Build.0 = Debug|x86
		{F3D58CAC-16EF-4117-A67D-E4828DB3613B}.Debug|x86.ActiveCfg = Debug|x86
		{F3D58CAC-16EF-4117-A67D-E4828DB3613B}.Debug|x86.Build.0 = Debug|x86
		{F3D58CAC-16EF-4117-A67D-E4828DB3613B}.Helpbot|x86.ActiveCfg = Debug|x86
		{F3D58CAC-16EF-4117-A67D-E4828DB3613B}.Helpbot|x86.Build.0 = Debug|x86
		{F3D58CAC-16EF-4117-A67D-E4828DB3613B}.Incubator|x86.ActiveCfg = Debug|x86
		{F3D58CAC-16EF-4117-A67D-E4828DB3613B}.Incubator|x86.Build.0 = Debug|x86
		{F3D58CAC-16EF-4117-A67D-E4828DB3613B}.Release|x86.ActiveCfg = Release|x86
		{F3D58CAC-16EF-4117-A67D-E4828DB3613B}.Release|x86.Build.0 = Release|x86
		{F3D58CAC-16EF-4117-A67D-E4828DB3613B}.Vhanet|x86.ActiveCfg = Debug|x86
		{F3D58CAC-16EF-4117-A67D-E4828DB3613B}.Vhanet|x86.Build.0 = Debug|x86
		{D9A80B1F-4ED9-44B9-9FB9-3E972A85D960}.Debug|x86.ActiveCfg = Debug|x86
		{D9A80B1F-4ED9-44B9-9FB9-3E972A85D960}.Debug|x86.Build.0 = Debug|x86
		{D9A80B1F-4ED9-44B9-9FB9-3E972A85D960}.Helpbot|x86.ActiveCfg = Debug|x86
		{D9A80B1F-4ED9-44B9-9FB9-3E972A85D960}.Helpbot|x86.Build.0 = Debug|x86
		{D9A80B1F-4ED9-44B9-9FB9-3E972A85D960}.Incubator|x86.ActiveCfg = Debug|x86
		{D9A80B1F-4ED9-44B9-9FB9-3E972A85D960}.Incubator|x86.Build.0 = Debug|x86
		{D9A80B1F-4ED9-44B9-9FB9-3E972A85D960}.Release|x86.ActiveCfg = Release|x86
		{D9A80B1F-4ED9-44B9-9FB9-3E972A85D960}.Release|x86.Build.0 = Release|x86
		{D9A80B1F-4ED9-44B9-9FB9-3E972A85D960}.Vhanet|x86.ActiveCfg = Debug|x86
		{D9A80B1F-4ED9-44B9-9FB9-3E972A85D960}.Vhanet|x86.Build.0 = Debug|x86
		{A667B4CB-9FA0-4CE0-B127-A220168C82C0}.Debug|x86.ActiveCfg = Debug|x86
		{A667B4CB-9FA0-4CE0-B127-A220168C82C0}.Debug|x86.Build.0 = Debug|x86
		{A667B4CB-9FA0-4CE0-B127-A220168C82C0}.Helpbot|x86.ActiveCfg = Debug|x86
		{A667B4CB-9FA0-4CE0-B127-A220168C82C0}.Helpbot|x86.Build.0 = Debug|x86
		{A667B4CB-9FA0-4CE0-B127-A220168C82C0}.Incubator|x86.ActiveCfg = Debug|x86
		{A667B4CB-9FA0-4CE0-B127-A220168C82C0}.Incubator|x86.Build.0 = Debug|x86
		{A667B4CB-9FA0-4CE0-B127-A220168C82C0}.Release|x86.ActiveCfg = Release|x86
		{A667B4CB-9FA0-4CE0-B127-A220168C82C0}.Release|x86.Build.0 = Release|x86
		{A667B4CB-9FA0-4CE0-B127-A220168C82C0}.Vhanet|x86.ActiveCfg = Debug|x86
		{A667B4CB-9FA0-4CE0-B127-A220168C82C0}.Vhanet|x86.Build.0 = Debug|x86
	EndGlobalSection
	GlobalSection(SolutionProperties) = preSolution
		HideSolutionNode = FALSE
	EndGlobalSection
EndGlobal
